
Microsoft Visual Studio Solution File, Format Version 10.00
# Visual Studio 2008
Project("{FAE04EC0-301F-11D3-BF4B-00C04F79EFBC}") = "Cercuri aleatoare", "Cercuri aleatoare\Cercuri aleatoare.csproj", "{34FBA010-D76F-4E18-9CE7-58DD5B6B3DDB}"
EndProject
Global
	GlobalSection(SolutionConfigurationPlatforms) = preSolution
		Debug|Any CPU = Debug|Any CPU
		Release|Any CPU = Release|Any CPU
	EndGlobalSection
	GlobalSection(ProjectConfigurationPlatforms) = postSolution
		{34FBA010-D76F-4E18-9CE7-58DD5B6B3DDB}.Debug|Any CPU.ActiveCfg = Debug|Any CPU
		{34FBA010-D76F-4E18-9CE7-58DD5B6B3DDB}.Debug|Any CPU.Build.0 = Debug|Any CPU
		{34FBA010-D76F-4E18-9CE7-58DD5B6B3DDB}.Release|Any CPU.ActiveCfg = Release|Any CPU
		{34FBA010-D76F-4E18-9CE7-58DD5B6B3DDB}.Release|Any CPU.Build.0 = Release|Any CPU
	EndGlobalSection
	GlobalSection(SolutionProperties) = preSolution
		HideSolutionNode = FALSE
	EndGlobalSection
EndGlobal
